
Microsoft Visual Studio Solution File, Format Version 12.00
Project("{FAE04EC0-301F-11D3-BF4B-00C04F79EFBC}") = "String_Arrays", "String_Arrays\String_Arrays.csproj", "{0AFCEB4D-8414-429E-863A-7C482F8F1EE3}"
EndProject
Global
	GlobalSection(SolutionConfigurationPlatforms) = preSolution
		Debug|Any CPU = Debug|Any CPU
		Release|Any CPU = Release|Any CPU
	EndGlobalSection
	GlobalSection(ProjectConfigurationPlatforms) = postSolution
		{0AFCEB4D-8414-429E-863A-7C482F8F1EE3}.Debug|Any CPU.ActiveCfg = Debug|Any CPU
		{0AFCEB4D-8414-429E-863A-7C482F8F1EE3}.Debug|Any CPU.Build.0 = Debug|Any CPU
		{0AFCEB4D-8414-429E-863A-7C482F8F1EE3}.Release|Any CPU.ActiveCfg = Release|Any CPU
		{0AFCEB4D-8414-429E-863A-7C482F8F1EE3}.Release|Any CPU.Build.0 = Release|Any CPU
	EndGlobalSection
EndGlobal
